
Microsoft Visual Studio Solution File, Format Version 11.00
# Visual Studio 2010
Project("{FAE04EC0-301F-11D3-BF4B-00C04F79EFBC}") = "PC_ADB_USB", "PC_ADB_USB\PC_ADB_USB.csproj", "{91E2AEE6-9784-4B1E-BE73-B6D15CE7B582}"
EndProject
Global
	GlobalSection(SolutionConfigurationPlatforms) = preSolution
		Debug|x86 = Debug|x86
		Release|x86 = Release|x86
	EndGlobalSection
	GlobalSection(ProjectConfigurationPlatforms) = postSolution
		{91E2AEE6-9784-4B1E-BE73-B6D15CE7B582}.Debug|x86.ActiveCfg = Debug|x86
		{91E2AEE6-9784-4B1E-BE73-B6D15CE7B582}.Debug|x86.Build.0 = Debug|x86
		{91E2AEE6-9784-4B1E-BE73-B6D15CE7B582}.Release|x86.ActiveCfg = Release|x86
		{91E2AEE6-9784-4B1E-BE73-B6D15CE7B582}.Release|x86.Build.0 = Release|x86
	EndGlobalSection
	GlobalSection(SolutionProperties) = preSolution
		HideSolutionNode = FALSE
	EndGlobalSection
EndGlobal
